  Model_Term                Level                Effect    seEffect
  Cycle                         1                -25.17       3.797    
  mu                            1                 609.1       38.93    
  Site                 B                          54.09       41.17    
  Site                 E                         -76.29       38.71    
  Site                 O                         -43.69       38.08    
  Site                 S2                         65.89       40.01    
  at(Site,1).Block           1.001               -36.38       26.09    
  at(Site,1).Block           1.002                26.98       26.09    
  at(Site,1).Block           1.003                25.50       26.09    
  at(Site,1).Block           1.004                0.000       39.76    
  at(Site,2).Block           2.001               0.1735E-07  0.1265E-02
  at(Site,2).Block           2.002               0.1330E-07  0.1265E-02
  at(Site,2).Block           2.003               0.1723E-07  0.1265E-02
  at(Site,2).Block           2.004              -0.7087E-07  0.1265E-02
  at(Site,3).Block           3.001              -0.7343E-05  0.2000E-01
  at(Site,3).Block           3.002               0.7605E-05  0.2000E-01
  at(Site,3).Block           3.003              -0.1491E-05  0.2000E-01
  at(Site,3).Block           3.004              -0.2062E-05  0.2000E-01
  at(Site,4).Block           4.001              -0.2455E-05  0.3895E-01
  at(Site,4).Block           4.002               0.3573E-04  0.3895E-01
  at(Site,4).Block           4.003              -0.1445E-04  0.3895E-01
  at(Site,4).Block           4.004                0.000      0.3895E-01
  at(Site,1).Block.Plo       1.001               0.3634E-07  0.1265E-02
  at(Site,1).Block.Plo       1.002              -0.7316E-07  0.1265E-02
  at(Site,1).Block.Plo       2.001               0.4714E-07  0.1265E-02
  at(Site,1).Block.Plo       2.002              -0.1983E-07  0.1265E-02
  at(Site,1).Block.Plo       3.001              -0.2704E-07  0.1265E-02
  at(Site,1).Block.Plo       3.002               0.5284E-07  0.1265E-02
  at(Site,1).Block.Plo       4.001                0.000      0.1265E-02
  at(Site,1).Block.Plo       4.002                0.000      0.1265E-02
  at(Site,2).Block.Plo       1.001               -7.888       15.08    
  at(Site,2).Block.Plo       1.002                10.80       15.08    
  at(Site,2).Block.Plo       2.001               -3.716       15.08    
  at(Site,2).Block.Plo       2.002                5.947       15.08    
  at(Site,2).Block.Plo       3.001                3.819       15.08    
  at(Site,2).Block.Plo       3.002              -0.9286       15.08    
  at(Site,2).Block.Plo       4.001               -8.706       15.08    
  at(Site,2).Block.Plo       4.002               -3.185       15.08    
  at(Site,3).Block.Plo       1.001              -0.1695E-07  0.1265E-02
  at(Site,3).Block.Plo       1.002              -0.1243E-07  0.1265E-02
  at(Site,3).Block.Plo       2.001               0.1521E-07  0.1265E-02
  at(Site,3).Block.Plo       2.002               0.1521E-07  0.1265E-02
  at(Site,3).Block.Plo       3.001               0.2801E-07  0.1265E-02
  at(Site,3).Block.Plo       3.002              -0.3397E-07  0.1265E-02
  at(Site,3).Block.Plo       4.001              -0.6231E-08  0.1265E-02
  at(Site,3).Block.Plo       4.002              -0.2019E-08  0.1265E-02
  Model_Term                Level                Effect    seEffect
  Cycle                         1               -0.5632      0.4333E-01
  mu                            1                 15.59      0.2058    
  Site                 B                         0.1906      0.1884    
  Site                 E                        -0.3237      0.1854    
  Site                 O                        -0.1276      0.1840    
  Site                 S2                        0.2607      0.2045    
  at(Site,1).Block           1.001              -0.7661E-07  0.3181E-03
  at(Site,1).Block           1.002               0.4690E-06  0.3181E-03
  at(Site,1).Block           1.003              -0.1844E-06  0.3181E-03
  at(Site,1).Block           1.004                0.000      0.3181E-03
  at(Site,2).Block           2.001               0.1273E-07  0.3181E-03
  at(Site,2).Block           2.002               0.8453E-07  0.3181E-03
  at(Site,2).Block           2.003               0.3932E-07  0.3181E-03
  at(Site,2).Block           2.004              -0.4899E-06  0.3181E-03
  at(Site,3).Block           3.001              -0.3835E-06  0.3181E-03
  at(Site,3).Block           3.002               0.4503E-06  0.3181E-03
  at(Site,3).Block           3.003              -0.1921E-06  0.3181E-03
  at(Site,3).Block           3.004              -0.1391E-07  0.3181E-03
  at(Site,4).Block           4.001               0.7851E-06  0.1265E-02
  at(Site,4).Block           4.002               0.3152E-05  0.1265E-02
  at(Site,4).Block           4.003               0.5618E-06  0.1265E-02
  at(Site,4).Block           4.004                0.000      0.1265E-02
  at(Site,1).Block.Plo       1.001               0.4032E-06  0.1265E-02
  at(Site,1).Block.Plo       1.002              -0.1614E-05  0.1265E-02
  at(Site,1).Block.Plo       2.001               0.4508E-05  0.1265E-02
  at(Site,1).Block.Plo       2.002               0.2908E-05  0.1265E-02
  at(Site,1).Block.Plo       3.001              -0.1267E-05  0.1265E-02
  at(Site,1).Block.Plo       3.002              -0.1649E-05  0.1265E-02
  at(Site,1).Block.Plo       4.001                0.000      0.1265E-02
  at(Site,1).Block.Plo       4.002                0.000      0.1265E-02
  at(Site,2).Block.Plo       1.001              -0.3064E-01  0.8387E-01
  at(Site,2).Block.Plo       1.002               0.3157E-01  0.8387E-01
  at(Site,2).Block.Plo       2.001              -0.8407E-02  0.8387E-01
  at(Site,2).Block.Plo       2.002               0.1461E-01  0.8387E-01
  at(Site,2).Block.Plo       3.001               0.1149E-01  0.8387E-01
  at(Site,2).Block.Plo       3.002              -0.8602E-02  0.8387E-01
  at(Site,2).Block.Plo       4.001              -0.1523E-01  0.8387E-01
  at(Site,2).Block.Plo       4.002              -0.2069E-01  0.8387E-01
  at(Site,3).Block.Plo       1.001               0.2385E-07  0.3181E-03
  at(Site,3).Block.Plo       1.002              -0.4074E-06  0.3181E-03
  at(Site,3).Block.Plo       2.001               0.1119E-06  0.3181E-03
  at(Site,3).Block.Plo       2.002               0.3385E-06  0.3181E-03
  at(Site,3).Block.Plo       3.001              -0.1786E-06  0.3181E-03
  at(Site,3).Block.Plo       3.002              -0.1355E-07  0.3181E-03
  at(Site,3).Block.Plo       4.001               0.1603E-06  0.3181E-03
  at(Site,3).Block.Plo       4.002              -0.1742E-06  0.3181E-03
  Model_Term                Level                Effect    seEffect
  Cycle                         1               -0.1192      0.2219E-01
  mu                            1                 8.934      0.2196    
  Site                 B                         0.2538      0.2303    
  Site                 E                        -0.3889      0.2219    
  Site                 O                        -0.2853      0.2158    
  Site                 S2                        0.4203      0.2211    
  at(Site,1).Block           1.001              -0.1592      0.1430    
  at(Site,1).Block           1.002               0.4533E-01  0.1430    
  at(Site,1).Block           1.003               0.1738      0.1430    
  at(Site,1).Block           1.004                0.000      0.1991    
  at(Site,2).Block           2.001               0.1966E-06  0.3181E-03
  at(Site,2).Block           2.002               0.3541E-07  0.3181E-03
  at(Site,2).Block           2.003               0.1888E-07  0.3181E-03
  at(Site,2).Block           2.004              -0.4853E-06  0.3181E-03
  at(Site,3).Block           3.001               0.1422E-06  0.3181E-03
  at(Site,3).Block           3.002               0.1348E-06  0.3181E-03
  at(Site,3).Block           3.003              -0.2208E-06  0.3181E-03
  at(Site,3).Block           3.004              -0.2282E-06  0.3181E-03
  at(Site,4).Block           4.001               0.2466E-09  0.3181E-03
  at(Site,4).Block           4.002               0.5296E-06  0.3181E-03
  at(Site,4).Block           4.003              -0.2765E-06  0.3181E-03
  at(Site,4).Block           4.004                0.000      0.3181E-03
  at(Site,1).Block.Plo       1.001               0.6143E-07  0.2183E-03
  at(Site,1).Block.Plo       1.002              -0.2527E-06  0.2183E-03
  at(Site,1).Block.Plo       2.001               0.2541E-06  0.2183E-03
  at(Site,1).Block.Plo       2.002              -0.1997E-06  0.2183E-03
  at(Site,1).Block.Plo       3.001               0.4966E-08  0.2183E-03
  at(Site,1).Block.Plo       3.002               0.2039E-06  0.2183E-03
  at(Site,1).Block.Plo       4.001                0.000      0.2183E-03
  at(Site,1).Block.Plo       4.002                0.000      0.2183E-03
  at(Site,2).Block.Plo       1.001              -0.2303      0.1504    
  at(Site,2).Block.Plo       1.002               0.3344      0.1504    
  at(Site,2).Block.Plo       2.001              -0.1427      0.1504    
  at(Site,2).Block.Plo       2.002               0.1615      0.1504    
  at(Site,2).Block.Plo       3.001              -0.4849E-02  0.1504    
  at(Site,2).Block.Plo       3.002               0.1485E-01  0.1504    
  at(Site,2).Block.Plo       4.001              -0.1690      0.1504    
  at(Site,2).Block.Plo       4.002              -0.8801E-01  0.1504    
  at(Site,3).Block.Plo       1.001               0.2666E-07  0.3181E-03
  at(Site,3).Block.Plo       1.002               0.1156E-06  0.3181E-03
  at(Site,3).Block.Plo       2.001               0.1526E-06  0.3181E-03
  at(Site,3).Block.Plo       2.002              -0.1779E-07  0.3181E-03
  at(Site,3).Block.Plo       3.001               0.1971E-06  0.3181E-03
  at(Site,3).Block.Plo       3.002              -0.4179E-06  0.3181E-03
  at(Site,3).Block.Plo       4.001               0.4120E-06  0.3181E-03
  at(Site,3).Block.Plo       4.002              -0.6402E-06  0.3181E-03
  Model_Term                Level                Effect    seEffect
  Cycle                         1                0.3967      0.4024E-01
  mu                            1                 9.676      0.2986    
  Site                 B                         0.7439      0.2942    
  Site                 E                        -0.4128      0.2915    
  Site                 O                        -0.4387E-01  0.2889    
  Site                 S2                       -0.2872      0.3020    
  at(Site,1).Block           1.001              -0.1635E-06  0.3181E-03
  at(Site,1).Block           1.002               0.9650E-07  0.3181E-03
  at(Site,1).Block           1.003               0.3278E-06  0.3181E-03
  at(Site,1).Block           1.004                0.000      0.3181E-03
  at(Site,2).Block           2.001              -0.2378E-01  0.8945E-01
  at(Site,2).Block           2.002               0.4791E-01  0.8945E-01
  at(Site,2).Block           2.003              -0.1678E-01  0.8945E-01
  at(Site,2).Block           2.004              -0.2006E-01  0.8945E-01
  at(Site,3).Block           3.001               0.2402E-07  0.3181E-03
  at(Site,3).Block           3.002               0.3816E-06  0.3181E-03
  at(Site,3).Block           3.003              -0.4149E-06  0.3181E-03
  at(Site,3).Block           3.004              -0.6167E-08  0.3181E-03
  at(Site,4).Block           4.001              -0.1359E-06  0.3181E-03
  at(Site,4).Block           4.002               0.1675E-06  0.3181E-03
  at(Site,4).Block           4.003              -0.1323E-06  0.3181E-03
  at(Site,4).Block           4.004                0.000      0.3181E-03
  at(Site,1).Block.Plo       1.001              -0.5159E-02  0.1148    
  at(Site,1).Block.Plo       1.002              -0.1848E-01  0.1148    
  at(Site,1).Block.Plo       2.001               0.1970E-01  0.1148    
  at(Site,1).Block.Plo       2.002              -0.5751E-02  0.1148    
  at(Site,1).Block.Plo       3.001              -0.3475E-01  0.1148    
  at(Site,1).Block.Plo       3.002               0.8215E-01  0.1148    
  at(Site,1).Block.Plo       4.001                0.000      0.1209    
  at(Site,1).Block.Plo       4.002                0.000      0.1209    
  at(Site,2).Block.Plo       1.001              -0.4368E-01  0.1395    
  at(Site,2).Block.Plo       1.002              -0.1863E-01  0.1395    
  at(Site,2).Block.Plo       2.001               0.8062E-02  0.1395    
  at(Site,2).Block.Plo       2.002               0.1175      0.1395    
  at(Site,2).Block.Plo       3.001              -0.2990E-01  0.1395    
  at(Site,2).Block.Plo       3.002              -0.1408E-01  0.1395    
  at(Site,2).Block.Plo       4.001              -0.1037      0.1395    
  at(Site,2).Block.Plo       4.002               0.5117E-01  0.1395    
  at(Site,3).Block.Plo       1.001               0.1151E-06  0.5846E-03
  at(Site,3).Block.Plo       1.002              -0.3394E-07  0.5846E-03
  at(Site,3).Block.Plo       2.001               0.6801E-07  0.5846E-03
  at(Site,3).Block.Plo       2.002               0.1221E-05  0.5846E-03
  at(Site,3).Block.Plo       3.001              -0.8574E-06  0.5846E-03
  at(Site,3).Block.Plo       3.002              -0.5437E-06  0.5846E-03
  at(Site,3).Block.Plo       4.001              -0.1438E-05  0.5846E-03
  at(Site,3).Block.Plo       4.002               0.1417E-05  0.5846E-03
  Model_Term                Level                Effect    seEffect
  Cycle                         1                0.8203      0.6316E-01
  mu                            1                 11.55      0.6870    
  Site                 B                          1.699      0.7391    
  Site                 E                         -1.338      0.6833    
  Site                 O                        -0.9784E-01  0.6812    
  Site                 S2                       -0.2632      0.6871    
  at(Site,1).Block           1.001              -0.2830      0.4971    
  at(Site,1).Block           1.002               0.2680E-01  0.4971    
  at(Site,1).Block           1.003               0.6993      0.4971    
  at(Site,1).Block           1.004                0.000      0.6611    
  at(Site,2).Block           2.001              -0.5672E-01  0.2582    
  at(Site,2).Block           2.002               0.3279      0.2582    
  at(Site,2).Block           2.003              -0.2495      0.2582    
  at(Site,2).Block           2.004              -0.1119      0.2582    
  at(Site,3).Block           3.001               0.1220E-05  0.1265E-02
  at(Site,3).Block           3.002               0.2412E-05  0.1265E-02
  at(Site,3).Block           3.003              -0.2737E-05  0.1265E-02
  at(Site,3).Block           3.004              -0.9881E-06  0.1265E-02
  at(Site,4).Block           4.001              -0.6911E-06  0.1265E-02
  at(Site,4).Block           4.002               0.2196E-05  0.1265E-02
  at(Site,4).Block           4.003              -0.1756E-05  0.1265E-02
  at(Site,4).Block           4.004                0.000      0.1265E-02
  at(Site,1).Block.Plo       1.001              -0.7199E-01  0.3631    
  at(Site,1).Block.Plo       1.002              -0.3410E-01  0.3631    
  at(Site,1).Block.Plo       2.001              -0.1779E-01  0.3631    
  at(Site,1).Block.Plo       2.002               0.2784E-01  0.3631    
  at(Site,1).Block.Plo       3.001              -0.1431      0.3631    
  at(Site,1).Block.Plo       3.002               0.4052      0.3631    
  at(Site,1).Block.Plo       4.001                0.000      0.4048    
  at(Site,1).Block.Plo       4.002                0.000      0.4048    
  at(Site,2).Block.Plo       1.001               0.1898E-07  0.1265E-02
  at(Site,2).Block.Plo       1.002              -0.8219E-06  0.1265E-02
  at(Site,2).Block.Plo       2.001               0.7651E-06  0.1265E-02
  at(Site,2).Block.Plo       2.002               0.3876E-05  0.1265E-02
  at(Site,2).Block.Plo       3.001              -0.2228E-05  0.1265E-02
  at(Site,2).Block.Plo       3.002              -0.1303E-05  0.1265E-02
  at(Site,2).Block.Plo       4.001              -0.1871E-05  0.1265E-02
  at(Site,2).Block.Plo       4.002               0.2869E-06  0.1265E-02
  at(Site,3).Block.Plo       1.001               0.3665E-06  0.4367E-03
  at(Site,3).Block.Plo       1.002              -0.2211E-06  0.4367E-03
  at(Site,3).Block.Plo       2.001               0.1190E-06  0.4367E-03
  at(Site,3).Block.Plo       2.002               0.1685E-06  0.4367E-03
  at(Site,3).Block.Plo       3.001              -0.6866E-07  0.4367E-03
  at(Site,3).Block.Plo       3.002              -0.2576E-06  0.4367E-03
  at(Site,3).Block.Plo       4.001              -0.3462E-06  0.4367E-03
  at(Site,3).Block.Plo       4.002               0.2284E-06  0.4367E-03
  Model_Term                Level                Effect    seEffect
  Cycle                         1               -0.3150      0.7705E-01
  mu                            1                 67.00      0.9762    
  Site                 B                          2.555      0.9669    
  Site                 E                         -1.874      0.9678    
  Site                 O                        -0.6465      0.9636    
  Site                 S2                       -0.3414E-01  0.9929    
  at(Site,1).Block           1.001              -0.9912E-07  0.6849E-03
  at(Site,1).Block           1.002               0.1351E-05  0.6849E-03
  at(Site,1).Block           1.003              -0.9157E-06  0.6849E-03
  at(Site,1).Block           1.004                0.000      0.6849E-03
  at(Site,2).Block           2.001               0.2836E-05  0.1265E-02
  at(Site,2).Block           2.002               0.3797E-06  0.1265E-02
  at(Site,2).Block           2.003              -0.7338E-07  0.1265E-02
  at(Site,2).Block           2.004              -0.3985E-05  0.1265E-02
  at(Site,3).Block           3.001              -0.2093E-06  0.1265E-02
  at(Site,3).Block           3.002               0.2233E-05  0.1265E-02
  at(Site,3).Block           3.003              -0.8834E-06  0.1265E-02
  at(Site,3).Block           3.004              -0.1430E-05  0.1265E-02
  at(Site,4).Block           4.001               0.1474E-01  0.1739    
  at(Site,4).Block           4.002              -0.5181E-01  0.1739    
  at(Site,4).Block           4.003               0.3677E-01  0.1739    
  at(Site,4).Block           4.004                0.000      0.1779    
  at(Site,1).Block.Plo       1.001              -0.2229E-05  0.1265E-02
  at(Site,1).Block.Plo       1.002               0.1891E-05  0.1265E-02
  at(Site,1).Block.Plo       2.001               0.3494E-05  0.1265E-02
  at(Site,1).Block.Plo       2.002               0.1115E-05  0.1265E-02
  at(Site,1).Block.Plo       3.001              -0.9576E-06  0.1265E-02
  at(Site,1).Block.Plo       3.002              -0.2166E-05  0.1265E-02
  at(Site,1).Block.Plo       4.001                0.000      0.1265E-02
  at(Site,1).Block.Plo       4.002                0.000      0.1265E-02
  at(Site,2).Block.Plo       1.001               0.1642E-06  0.5219E-03
  at(Site,2).Block.Plo       1.002               0.3185E-06  0.5219E-03
  at(Site,2).Block.Plo       2.001               0.1521E-06  0.5219E-03
  at(Site,2).Block.Plo       2.002              -0.8743E-07  0.5219E-03
  at(Site,2).Block.Plo       3.001              -0.4216E-08  0.5219E-03
  at(Site,2).Block.Plo       3.002              -0.8275E-08  0.5219E-03
  at(Site,2).Block.Plo       4.001               0.2596E-06  0.5219E-03
  at(Site,2).Block.Plo       4.002              -0.9379E-06  0.5219E-03
  at(Site,3).Block.Plo       1.001               0.1462E-05  0.1010E-02
  at(Site,3).Block.Plo       1.002              -0.1595E-05  0.1010E-02
  at(Site,3).Block.Plo       2.001               0.1851E-05  0.1010E-02
  at(Site,3).Block.Plo       2.002              -0.4275E-06  0.1010E-02
  at(Site,3).Block.Plo       3.001              -0.8896E-06  0.1010E-02
  at(Site,3).Block.Plo       3.002               0.3265E-06  0.1010E-02
  at(Site,3).Block.Plo       4.001               0.1899E-05  0.1010E-02
  at(Site,3).Block.Plo       4.002              -0.2811E-05  0.1010E-02
  Model_Term                Level                Effect    seEffect
  Cycle                         1                0.7595      0.8044E-01
  mu                            1                 23.01      0.8546    
  Site                 B                         -1.988      0.8461    
  Site                 E                          1.197      0.8593    
  Site                 O                        -0.5504      0.8419    
  Site                 S2                         1.341      0.8917    
  at(Site,1).Block           1.001              -0.1552E-06  0.3181E-03
  at(Site,1).Block           1.002              -0.1353E-06  0.3181E-03
  at(Site,1).Block           1.003               0.2134E-06  0.3181E-03
  at(Site,1).Block           1.004                0.000      0.3181E-03
  at(Site,2).Block           2.001               0.2692E-05  0.1524E-02
  at(Site,2).Block           2.002              -0.2367E-05  0.1524E-02
  at(Site,2).Block           2.003              -0.1257E-05  0.1524E-02
  at(Site,2).Block           2.004               0.1998E-05  0.1524E-02
  at(Site,3).Block           3.001               0.6774E-06  0.1265E-02
  at(Site,3).Block           3.002               0.3884E-07  0.1265E-02
  at(Site,3).Block           3.003              -0.1101E-05  0.1265E-02
  at(Site,3).Block           3.004               0.4796E-07  0.1265E-02
  at(Site,4).Block           4.001               0.6631E-01  0.4844    
  at(Site,4).Block           4.002               0.4610      0.4844    
  at(Site,4).Block           4.003              -0.3488      0.4844    
  at(Site,4).Block           4.004                0.000      0.5895    
  at(Site,1).Block.Plo       1.001              -0.2848E-06  0.8625E-03
  at(Site,1).Block.Plo       1.002              -0.8559E-06  0.8625E-03
  at(Site,1).Block.Plo       2.001              -0.6832E-06  0.8625E-03
  at(Site,1).Block.Plo       2.002              -0.3113E-06  0.8625E-03
  at(Site,1).Block.Plo       3.001              -0.3069E-06  0.8625E-03
  at(Site,1).Block.Plo       3.002               0.1876E-05  0.8625E-03
  at(Site,1).Block.Plo       4.001                0.000      0.8625E-03
  at(Site,1).Block.Plo       4.002                0.000      0.8625E-03
  at(Site,2).Block.Plo       1.001               0.4906      0.5192    
  at(Site,2).Block.Plo       1.002               0.1582      0.5192    
  at(Site,2).Block.Plo       2.001              -0.6678      0.5192    
  at(Site,2).Block.Plo       2.002               0.9725E-01  0.5192    
  at(Site,2).Block.Plo       3.001               0.8151E-01  0.5192    
  at(Site,2).Block.Plo       3.002              -0.3846      0.5192    
  at(Site,2).Block.Plo       4.001              -0.5754      0.5192    
  at(Site,2).Block.Plo       4.002                1.057      0.5192    
  at(Site,3).Block.Plo       1.001               0.2924E-01  0.1332    
  at(Site,3).Block.Plo       1.002              -0.2145E-01  0.1332    
  at(Site,3).Block.Plo       2.001              -0.2033E-02  0.1332    
  at(Site,3).Block.Plo       2.002               0.2480E-02  0.1332    
  at(Site,3).Block.Plo       3.001              -0.1088E-02  0.1332    
  at(Site,3).Block.Plo       3.002              -0.1158E-01  0.1332    
  at(Site,3).Block.Plo       4.001              -0.4422E-01  0.1332    
  at(Site,3).Block.Plo       4.002               0.4477E-01  0.1332    
  Model_Term                Level                Effect    seEffect
  Cycle                         1                0.7637      0.1037    
  mu                            1                 67.88      0.7280    
  Site                 B                          1.731      0.7051    
  Site                 E                         -1.201      0.7013    
  Site                 O                        -0.1398      0.7113    
  Site                 S2                       -0.3906      0.7453    
  at(Site,1).Block           1.001               0.7837E-06  0.7836E-03
  at(Site,1).Block           1.002               0.6503E-06  0.7836E-03
  at(Site,1).Block           1.003              -0.7957E-06  0.7836E-03
  at(Site,1).Block           1.004                0.000      0.7836E-03
  at(Site,2).Block           2.001               0.1312E-05  0.1265E-02
  at(Site,2).Block           2.002              -0.1073E-06  0.1265E-02
  at(Site,2).Block           2.003              -0.3151E-05  0.1265E-02
  at(Site,2).Block           2.004               0.7928E-06  0.1265E-02
  at(Site,3).Block           3.001               0.1833E-06  0.5822E-03
  at(Site,3).Block           3.002               0.1036E-06  0.5822E-03
  at(Site,3).Block           3.003              -0.6469E-06  0.5822E-03
  at(Site,3).Block           3.004               0.3315E-06  0.5822E-03
  at(Site,4).Block           4.001               0.4200E-08  0.1265E-02
  at(Site,4).Block           4.002              -0.1568E-06  0.1265E-02
  at(Site,4).Block           4.003              -0.2226E-06  0.1265E-02
  at(Site,4).Block           4.004                0.000      0.1265E-02
  at(Site,1).Block.Plo       1.001               0.1594E-05  0.1265E-02
  at(Site,1).Block.Plo       1.002               0.4479E-06  0.1265E-02
  at(Site,1).Block.Plo       2.001               0.1008E-05  0.1265E-02
  at(Site,1).Block.Plo       2.002               0.6862E-06  0.1265E-02
  at(Site,1).Block.Plo       3.001              -0.2264E-05  0.1265E-02
  at(Site,1).Block.Plo       3.002               0.1903E-06  0.1265E-02
  at(Site,1).Block.Plo       4.001                0.000      0.1265E-02
  at(Site,1).Block.Plo       4.002                0.000      0.1265E-02
  at(Site,2).Block.Plo       1.001               0.1103E-05  0.1265E-02
  at(Site,2).Block.Plo       1.002               0.2098E-06  0.1265E-02
  at(Site,2).Block.Plo       2.001               0.8684E-06  0.1265E-02
  at(Site,2).Block.Plo       2.002              -0.9757E-06  0.1265E-02
  at(Site,2).Block.Plo       3.001              -0.2520E-05  0.1265E-02
  at(Site,2).Block.Plo       3.002              -0.6317E-06  0.1265E-02
  at(Site,2).Block.Plo       4.001              -0.4927E-06  0.1265E-02
  at(Site,2).Block.Plo       4.002               0.1285E-05  0.1265E-02
  at(Site,3).Block.Plo       1.001               0.4075      0.4974    
  at(Site,3).Block.Plo       1.002              -0.2084      0.4974    
  at(Site,3).Block.Plo       2.001               0.3563      0.4974    
  at(Site,3).Block.Plo       2.002              -0.2438      0.4974    
  at(Site,3).Block.Plo       3.001              -0.3443      0.4974    
  at(Site,3).Block.Plo       3.002              -0.3582      0.4974    
  at(Site,3).Block.Plo       4.001              -0.1796      0.4974    
  at(Site,3).Block.Plo       4.002               0.5396      0.4974    
  Model_Term                Level                Effect    seEffect
  Cycle                         1                0.4976      0.4444E-01
  mu                            1                 10.92      0.2632    
  Site                 B                        -0.3572      0.2782    
  Site                 E                         0.1514      0.2493    
  Site                 O                        -0.2631      0.2480    
  Site                 S2                        0.4689      0.2780    
  at(Site,1).Block           1.001              -0.2923      0.2582    
  at(Site,1).Block           1.002              -0.1972      0.2582    
  at(Site,1).Block           1.003               0.2371      0.2582    
  at(Site,1).Block           1.004                0.000      0.3562    
  at(Site,2).Block           2.001               0.3502E-06  0.3181E-03
  at(Site,2).Block           2.002              -0.1544E-06  0.3181E-03
  at(Site,2).Block           2.003              -0.3140E-06  0.3181E-03
  at(Site,2).Block           2.004               0.2036E-06  0.3181E-03
  at(Site,3).Block           3.001               0.1248E-06  0.3181E-03
  at(Site,3).Block           3.002               0.2314E-07  0.3181E-03
  at(Site,3).Block           3.003              -0.2088E-06  0.3181E-03
  at(Site,3).Block           3.004              -0.8749E-07  0.3181E-03
  at(Site,4).Block           4.001               0.8039E-01  0.2406    
  at(Site,4).Block           4.002               0.2514      0.2406    
  at(Site,4).Block           4.003              -0.1095      0.2406    
  at(Site,4).Block           4.004                0.000      0.2917    
  at(Site,1).Block.Plo       1.001              -0.7868E-07  0.2856E-03
  at(Site,1).Block.Plo       1.002              -0.1093E-06  0.2856E-03
  at(Site,1).Block.Plo       2.001              -0.1312E-06  0.2856E-03
  at(Site,1).Block.Plo       2.002               0.4369E-08  0.2856E-03
  at(Site,1).Block.Plo       3.001              -0.1701E-06  0.2856E-03
  at(Site,1).Block.Plo       3.002               0.3226E-06  0.2856E-03
  at(Site,1).Block.Plo       4.001                0.000      0.2856E-03
  at(Site,1).Block.Plo       4.002                0.000      0.2856E-03
  at(Site,2).Block.Plo       1.001               0.1286      0.1843    
  at(Site,2).Block.Plo       1.002               0.2997E-01  0.1843    
  at(Site,2).Block.Plo       2.001              -0.1087      0.1843    
  at(Site,2).Block.Plo       2.002               0.3876E-01  0.1843    
  at(Site,2).Block.Plo       3.001              -0.2178E-01  0.1843    
  at(Site,2).Block.Plo       3.002              -0.1204      0.1843    
  at(Site,2).Block.Plo       4.001              -0.1038      0.1843    
  at(Site,2).Block.Plo       4.002               0.1960      0.1843    
  at(Site,3).Block.Plo       1.001               0.6987E-02  0.4293E-01
  at(Site,3).Block.Plo       1.002              -0.4686E-02  0.4293E-01
  at(Site,3).Block.Plo       2.001               0.7065E-03  0.4293E-01
  at(Site,3).Block.Plo       2.002              -0.2800E-03  0.4293E-01
  at(Site,3).Block.Plo       3.001              -0.3458E-03  0.4293E-01
  at(Site,3).Block.Plo       3.002              -0.3503E-02  0.4293E-01
  at(Site,3).Block.Plo       4.001              -0.7449E-02  0.4293E-01
  at(Site,3).Block.Plo       4.002               0.5836E-02  0.4293E-01
